# This file was autogenerated by Stack.
# You should not edit this file by hand.
# For more information, please see the documentation at:
#   https://docs.haskellstack.org/en/stable/lock_files

packages:
- completed:
    commit: 30c3f24a8be666ff3772e343fa5fa5a25c70879c
    git: https://github.com/mejgun/haskell-tdlib.git
    name: haskell-tdlib
    pantry-tree:
      sha256: ef498bc8780916f9dfe3502e8911def46abf9743bbffc42c471a3b6197aa3b83
      size: 81316
    version: 2.0.1.0
  original:
    commit: 30c3f24a8be666ff3772e343fa5fa5a25c70879c
    git: https://github.com/mejgun/haskell-tdlib.git
snapshots:
- completed:
    sha256: 1d663bec402f77fa09fa3e8cf288c3c7eb18a1f28a5e0c331ac47adeacd21346
    size: 640034
    url: https://raw.githubusercontent.com/commercialhaskell/stackage-snapshots/master/lts/21/16.yaml
  original: lts-21.16
