# This file was autogenerated by Stack.
# You should not edit this file by hand.
# For more information, please see the documentation at:
#   https://docs.haskellstack.org/en/stable/lock_files

packages:
- completed:
    name: haskell-tdlib
    version: 0.1.1.0
    git: https://github.com/mejgun/haskell-tdlib.git
    pantry-tree:
      size: 243060
      sha256: a37d8980de5bc50254c5256b000a14110f1199426bf078587ba1722ba74d92a6
    commit: 7cade80fe7286ec49cf31dfb5c3a13ebb0f459e2
  original:
    git: https://github.com/mejgun/haskell-tdlib.git
    commit: 7cade80fe7286ec49cf31dfb5c3a13ebb0f459e2
snapshots:
- completed:
    size: 587546
    url: https://raw.githubusercontent.com/commercialhaskell/stackage-snapshots/master/lts/18/10.yaml
    sha256: 88b4f81e162ba3adc230a9fcccc4d19ac116377656bab56c7382ca88598b257a
  original: lts-18.10
