# This file was autogenerated by Stack.
# You should not edit this file by hand.
# For more information, please see the documentation at:
#   https://docs.haskellstack.org/en/stable/lock_files

packages:
- completed:
    commit: 679aa90ebc46148ca6fd3a889b97e23463c8d9de
    git: https://github.com/mejgun/haskell-tdlib.git
    name: haskell-tdlib
    pantry-tree:
      sha256: a926086bdc2c1fee006bd90978e94a9cb6bb456c7395cdb33f53949ca1c92f94
      size: 78459
    version: 2.0.0.0
  original:
    commit: 679aa90ebc46148ca6fd3a889b97e23463c8d9de
    git: https://github.com/mejgun/haskell-tdlib.git
snapshots:
- completed:
    sha256: 1d663bec402f77fa09fa3e8cf288c3c7eb18a1f28a5e0c331ac47adeacd21346
    size: 640034
    url: https://raw.githubusercontent.com/commercialhaskell/stackage-snapshots/master/lts/21/16.yaml
  original: lts-21.16
